
Microsoft Visual Studio Solution File, Format Version 12.00
# Visual Studio Version 17
VisualStudioVersion = 17.8.34511.84
MinimumVisualStudioVersion = 10.0.40219.1
Project("{FAE04EC0-301F-11D3-BF4B-00C04F79EFBC}") = "FoodPlannerAPI", "FoodPlanerAPI\FoodPlannerAPI.csproj", "{03AC0870-9469-4C67-997F-CC49E6F8ACA5}"
EndProject
Global
	GlobalSection(SolutionConfigurationPlatforms) = preSolution
		Debug|Any CPU = Debug|Any CPU
		Release|Any CPU = Release|Any CPU
	EndGlobalSection
	GlobalSection(ProjectConfigurationPlatforms) = postSolution
		{03AC0870-9469-4C67-997F-CC49E6F8ACA5}.Debug|Any CPU.ActiveCfg = Debug|Any CPU
		{03AC0870-9469-4C67-997F-CC49E6F8ACA5}.Debug|Any CPU.Build.0 = Debug|Any CPU
		{03AC0870-9469-4C67-997F-CC49E6F8ACA5}.Release|Any CPU.ActiveCfg = Release|Any CPU
		{03AC0870-9469-4C67-997F-CC49E6F8ACA5}.Release|Any CPU.Build.0 = Release|Any CPU
	EndGlobalSection
	GlobalSection(SolutionProperties) = preSolution
		HideSolutionNode = FALSE
	EndGlobalSection
	GlobalSection(ExtensibilityGlobals) = postSolution
		SolutionGuid = {64F009A2-F37F-4EE3-91B7-EBBB1BE691F6}
	EndGlobalSection
EndGlobal
